github.com/go-sql-driver/mysql v1.6.0 h1:BCTh4TKNUYmOmMUcQ3IipzF5prigylS7XXjEkfCHuOE=
github.com/go-sql-driver/mysql v1.6.0/go.mod h1:DCzpHaOWr8IXmIStZouvnhqoel9Qv2LBy8hT2VhHyBg=
github.com/iEvan-lhr/nihility-dust v0.1.3-0.20220728031131-32d9e147344d h1:zeVIp2ag6D54CXQmyn6w3WOcvNjvGztz3AKDnqZmViI=
github.com/iEvan-lhr/nihility-dust v0.1.3-0.20220728031131-32d9e147344d/go.mod h1:3M/75NFCDYOp7EHVlahfpUSuFDrvbnzyP/x3dH5v6EU=
github.com/iEvan-lhr/nihility-dust v0.1.3-0.20220929031058-3a8d050cb7f8 h1:RJjKJWaNuHxyeQMcKUW8utuETG5Gs0+dFKnuG2eDapc=
github.com/iEvan-lhr/nihility-dust v0.1.3-0.20220929031058-3a8d050cb7f8/go.mod h1:3M/75NFCDYOp7EHVlahfpUSuFDrvbnzyP/x3dH5v6EU=
github.com/iEvan-lhr/nihility-dust v0.1.3-0.20220929031542-02b0977e9999 h1:1KS5Bkcop2RhD58oEn6Qetg2DlvlPkKfbGpqN3ZDnZQ=
github.com/iEvan-lhr/nihility-dust v0.1.3-0.20220929031542-02b0977e9999/go.mod h1:3M/75NFCDYOp7EHVlahfpUSuFDrvbnzyP/x3dH5v6EU=
github.com/iEvan-lhr/nihility-dust v0.1.3-0.20221008064654-819fd1e86eb7 h1:Y7pj7nbIYNCQ7f16nByN6wUUy3raORjc13QyKey/nMg=
github.com/iEvan-lhr/nihility-dust v0.1.3-0.20221008064654-819fd1e86eb7/go.mod h1:3M/75NFCDYOp7EHVlahfpUSuFDrvbnzyP/x3dH5v6EU=
github.com/iEvan-lhr/nihility-dust v0.1.3-0.20221008082143-31708122b0fe h1:XdrEjy7s5oupEQ3F1C9jrMlg37U6YudY2LWq7uAGovE=
github.com/iEvan-lhr/nihility-dust v0.1.3-0.20221008082143-31708122b0fe/go.mod h1:3M/75NFCDYOp7EHVlahfpUSuFDrvbnzyP/x3dH5v6EU=
github.com/iEvan-lhr/string v0.0.4 h1:aFcoo16jAzaXyDYOi6lApgUoT9xFz3pqKzbwbvdIKz8=
github.com/iEvan-lhr/string v0.0.4/go.mod h1:WDWEguR52uZnQo5n4mi9xxO4Vhz1o2Ji2maJWJdglmQ=
github.com/jinzhu/inflection v1.0.0 h1:K317FqzuhWc8YvSVlFMCCUb36O/S9MCKRDI7QkRKD/E=
github.com/jinzhu/inflection v1.0.0/go.mod h1:h+uFLlag+Qp1Va5pdKtLDYj+kHp5pxUVkryuEj+Srlc=
github.com/jinzhu/now v1.1.4 h1:tHnRBy1i5F2Dh8BAFxqFzxKqqvezXrL2OW1TnX+Mlas=
github.com/jinzhu/now v1.1.4/go.mod h1:d3SSVoowX0Lcu0IBviAWJpolVfI5UJVZZ7cO71lE/z8=
gorm.io/driver/mysql v1.3.4 h1:/KoBMgsUHC3bExsekDcmNYaBnfH2WNeFuXqqrqMc98Q=
gorm.io/driver/mysql v1.3.4/go.mod h1:s4Tq0KmD0yhPGHbZEwg1VPlH0vT/GBHJZorPzhcxBUE=
gorm.io/gorm v1.23.4/go.mod h1:l2lP/RyAtc1ynaTjFksBde/O8v9oOGIApu2/xRitmZk=
gorm.io/gorm v1.23.6 h1:KFLdNgri4ExFFGTRGGFWON2P1ZN28+9SJRN8voOoYe0=
gorm.io/gorm v1.23.6/go.mod h1:l2lP/RyAtc1ynaTjFksBde/O8v9oOGIApu2/xRitmZk=
