github.com/iEvan-lhr/nihility-dust v0.1.3-0.20221107072033-d91db729f568 h1:Mwo2igZxrq7RMIr6XnqffL7DkRFMjnq/8opYBbqO9bI=
github.com/iEvan-lhr/nihility-dust v0.1.3-0.20221107072033-d91db729f568/go.mod h1:3M/75NFCDYOp7EHVlahfpUSuFDrvbnzyP/x3dH5v6EU=
github.com/iEvan-lhr/string v0.0.4 h1:aFcoo16jAzaXyDYOi6lApgUoT9xFz3pqKzbwbvdIKz8=
github.com/iEvan-lhr/string v0.0.4/go.mod h1:WDWEguR52uZnQo5n4mi9xxO4Vhz1o2Ji2maJWJdglmQ=
